
Microsoft Visual Studio Solution File, Format Version 12.00
Project("{FAE04EC0-301F-11D3-BF4B-00C04F79EFBC}") = "automoveisVendasApi", "automoveisVendasApi\automoveisVendasApi.csproj", "{FB0175A9-CBCE-40E4-A7B4-74064F4F2371}"
EndProject
Project("{FAE04EC0-301F-11D3-BF4B-00C04F79EFBC}") = "AutomoveisVendasApi.Domain", "AutomoveisVendasApi.Domain\AutomoveisVendasApi.Domain.csproj", "{7F65B638-096D-441A-A276-10EB9CFBC1A9}"
EndProject
Global
	GlobalSection(SolutionConfigurationPlatforms) = preSolution
		Debug|Any CPU = Debug|Any CPU
		Release|Any CPU = Release|Any CPU
	EndGlobalSection
	GlobalSection(ProjectConfigurationPlatforms) = postSolution
		{FB0175A9-CBCE-40E4-A7B4-74064F4F2371}.Debug|Any CPU.ActiveCfg = Debug|Any CPU
		{FB0175A9-CBCE-40E4-A7B4-74064F4F2371}.Debug|Any CPU.Build.0 = Debug|Any CPU
		{FB0175A9-CBCE-40E4-A7B4-74064F4F2371}.Release|Any CPU.ActiveCfg = Release|Any CPU
		{FB0175A9-CBCE-40E4-A7B4-74064F4F2371}.Release|Any CPU.Build.0 = Release|Any CPU
		{7F65B638-096D-441A-A276-10EB9CFBC1A9}.Debug|Any CPU.ActiveCfg = Debug|Any CPU
		{7F65B638-096D-441A-A276-10EB9CFBC1A9}.Debug|Any CPU.Build.0 = Debug|Any CPU
		{7F65B638-096D-441A-A276-10EB9CFBC1A9}.Release|Any CPU.ActiveCfg = Release|Any CPU
		{7F65B638-096D-441A-A276-10EB9CFBC1A9}.Release|Any CPU.Build.0 = Release|Any CPU
	EndGlobalSection
EndGlobal
